
Microsoft Visual Studio Solution File, Format Version 12.00
# Visual Studio Version 16
VisualStudioVersion = 16.0.32510.428
MinimumVisualStudioVersion = 10.0.40219.1
Project("{FAE04EC0-301F-11D3-BF4B-00C04F79EFBC}") = "DZ_11", "DZ_11.csproj", "{8FB30035-CE29-4BC8-A1DA-8317F418539A}"
EndProject
Global
	GlobalSection(SolutionConfigurationPlatforms) = preSolution
		Debug|Any CPU = Debug|Any CPU
		Release|Any CPU = Release|Any CPU
	EndGlobalSection
	GlobalSection(ProjectConfigurationPlatforms) = postSolution
		{8FB30035-CE29-4BC8-A1DA-8317F418539A}.Debug|Any CPU.ActiveCfg = Debug|Any CPU
		{8FB30035-CE29-4BC8-A1DA-8317F418539A}.Debug|Any CPU.Build.0 = Debug|Any CPU
		{8FB30035-CE29-4BC8-A1DA-8317F418539A}.Release|Any CPU.ActiveCfg = Release|Any CPU
		{8FB30035-CE29-4BC8-A1DA-8317F418539A}.Release|Any CPU.Build.0 = Release|Any CPU
	EndGlobalSection
	GlobalSection(SolutionProperties) = preSolution
		HideSolutionNode = FALSE
	EndGlobalSection
	GlobalSection(ExtensibilityGlobals) = postSolution
		SolutionGuid = {28CB292B-6A8F-4399-86F3-F56D9E22055C}
	EndGlobalSection
EndGlobal
